
Microsoft Visual Studio Solution File, Format Version 12.00
# Visual Studio Version 16
VisualStudioVersion = 16.0.29519.87
MinimumVisualStudioVersion = 10.0.40219.1
Project("{FAE04EC0-301F-11D3-BF4B-00C04F79EFBC}") = "MasterYUGIOHAppFinal.UWP", "MasterYUGIOHAppFinal\MasterYUGIOHAppFinal.UWP\MasterYUGIOHAppFinal.UWP.csproj", "{66095D5A-EC8E-441F-B1E9-951C68CD292F}"
EndProject
Project("{FAE04EC0-301F-11D3-BF4B-00C04F79EFBC}") = "MasterYUGIOHAppFinal.Android", "MasterYUGIOHAppFinal\MasterYUGIOHAppFinal.Android\MasterYUGIOHAppFinal.Android.csproj", "{5CFB7DF1-3A00-444F-B281-22E16A74088B}"
EndProject
Project("{FAE04EC0-301F-11D3-BF4B-00C04F79EFBC}") = "MasterYUGIOHAppFinal.iOS", "MasterYUGIOHAppFinal\MasterYUGIOHAppFinal.iOS\MasterYUGIOHAppFinal.iOS.csproj", "{6D8C910C-247A-49AE-8A0F-388A3D34FFC0}"
EndProject
Project("{FAE04EC0-301F-11D3-BF4B-00C04F79EFBC}") = "MasterYUGIOHAppFinal", "MasterYUGIOHAppFinal\MasterYUGIOHAppFinal\MasterYUGIOHAppFinal.csproj", "{ED0D4D8B-1538-44D0-A22E-E59510F8A97B}"
EndProject
Global
	GlobalSection(SolutionConfigurationPlatforms) = preSolution
		Debug|Any CPU = Debug|Any CPU
		Debug|ARM = Debug|ARM
		Debug|iPhone = Debug|iPhone
		Debug|iPhoneSimulator = Debug|iPhoneSimulator
		Debug|x64 = Debug|x64
		Debug|x86 = Debug|x86
		Release|Any CPU = Release|Any CPU
		Release|ARM = Release|ARM
		Release|iPhone = Release|iPhone
		Release|iPhoneSimulator = Release|iPhoneSimulator
		Release|x64 = Release|x64
		Release|x86 = Release|x86
	EndGlobalSection
	GlobalSection(ProjectConfigurationPlatforms) = postSolution
		{66095D5A-EC8E-441F-B1E9-951C68CD292F}.Debug|Any CPU.ActiveCfg = Debug|x86
		{66095D5A-EC8E-441F-B1E9-951C68CD292F}.Debug|Any CPU.Build.0 = Debug|x86
		{66095D5A-EC8E-441F-B1E9-951C68CD292F}.Debug|Any CPU.Deploy.0 = Debug|x86
		{66095D5A-EC8E-441F-B1E9-951C68CD292F}.Debug|ARM.ActiveCfg = Debug|ARM
		{66095D5A-EC8E-441F-B1E9-951C68CD292F}.Debug|ARM.Build.0 = Debug|ARM
		{66095D5A-EC8E-441F-B1E9-951C68CD292F}.Debug|ARM.Deploy.0 = Debug|ARM
		{66095D5A-EC8E-441F-B1E9-951C68CD292F}.Debug|iPhone.ActiveCfg = Debug|x86
		{66095D5A-EC8E-441F-B1E9-951C68CD292F}.Debug|iPhone.Build.0 = Debug|x86
		{66095D5A-EC8E-441F-B1E9-951C68CD292F}.Debug|iPhone.Deploy.0 = Debug|x86
		{66095D5A-EC8E-441F-B1E9-951C68CD292F}.Debug|iPhoneSimulator.ActiveCfg = Debug|x86
		{66095D5A-EC8E-441F-B1E9-951C68CD292F}.Debug|iPhoneSimulator.Build.0 = Debug|x86
		{66095D5A-EC8E-441F-B1E9-951C68CD292F}.Debug|iPhoneSimulator.Deploy.0 = Debug|x86
		{66095D5A-EC8E-441F-B1E9-951C68CD292F}.Debug|x64.ActiveCfg = Debug|x64
		{66095D5A-EC8E-441F-B1E9-951C68CD292F}.Debug|x64.Build.0 = Debug|x64
		{66095D5A-EC8E-441F-B1E9-951C68CD292F}.Debug|x64.Deploy.0 = Debug|x64
		{66095D5A-EC8E-441F-B1E9-951C68CD292F}.Debug|x86.ActiveCfg = Debug|x86
		{66095D5A-EC8E-441F-B1E9-951C68CD292F}.Debug|x86.Build.0 = Debug|x86
		{66095D5A-EC8E-441F-B1E9-951C68CD292F}.Debug|x86.Deploy.0 = Debug|x86
		{66095D5A-EC8E-441F-B1E9-951C68CD292F}.Release|Any CPU.ActiveCfg = Release|x86
		{66095D5A-EC8E-441F-B1E9-951C68CD292F}.Release|Any CPU.Build.0 = Release|x86
		{66095D5A-EC8E-441F-B1E9-951C68CD292F}.Release|Any CPU.Deploy.0 = Release|x86
		{66095D5A-EC8E-441F-B1E9-951C68CD292F}.Release|ARM.ActiveCfg = Release|ARM
		{66095D5A-EC8E-441F-B1E9-951C68CD292F}.Release|ARM.Build.0 = Release|ARM
		{66095D5A-EC8E-441F-B1E9-951C68CD292F}.Release|ARM.Deploy.0 = Release|ARM
		{66095D5A-EC8E-441F-B1E9-951C68CD292F}.Release|iPhone.ActiveCfg = Release|x86
		{66095D5A-EC8E-441F-B1E9-951C68CD292F}.Release|iPhone.Build.0 = Release|x86
		{66095D5A-EC8E-441F-B1E9-951C68CD292F}.Release|iPhone.Deploy.0 = Release|x86
		{66095D5A-EC8E-441F-B1E9-951C68CD292F}.Release|iPhoneSimulator.ActiveCfg = Release|x86
		{66095D5A-EC8E-441F-B1E9-951C68CD292F}.Release|iPhoneSimulator.Build.0 = Release|x86
		{66095D5A-EC8E-441F-B1E9-951C68CD292F}.Release|iPhoneSimulator.Deploy.0 = Release|x86
		{66095D5A-EC8E-441F-B1E9-951C68CD292F}.Release|x64.ActiveCfg = Release|x64
		{66095D5A-EC8E-441F-B1E9-951C68CD292F}.Release|x64.Build.0 = Release|x64
		{66095D5A-EC8E-441F-B1E9-951C68CD292F}.Release|x64.Deploy.0 = Release|x64
		{66095D5A-EC8E-441F-B1E9-951C68CD292F}.Release|x86.ActiveCfg = Release|x86
		{66095D5A-EC8E-441F-B1E9-951C68CD292F}.Release|x86.Build.0 = Release|x86
		{66095D5A-EC8E-441F-B1E9-951C68CD292F}.Release|x86.Deploy.0 = Release|x86
		{5CFB7DF1-3A00-444F-B281-22E16A74088B}.Debug|Any CPU.ActiveCfg = Debug|Any CPU
		{5CFB7DF1-3A00-444F-B281-22E16A74088B}.Debug|Any CPU.Build.0 = Debug|Any CPU
		{5CFB7DF1-3A00-444F-B281-22E16A74088B}.Debug|Any CPU.Deploy.0 = Debug|Any CPU
		{5CFB7DF1-3A00-444F-B281-22E16A74088B}.Debug|ARM.ActiveCfg = Debug|Any CPU
		{5CFB7DF1-3A00-444F-B281-22E16A74088B}.Debug|ARM.Build.0 = Debug|Any CPU
		{5CFB7DF1-3A00-444F-B281-22E16A74088B}.Debug|ARM.Deploy.0 = Debug|Any CPU
		{5CFB7DF1-3A00-444F-B281-22E16A74088B}.Debug|iPhone.ActiveCfg = Debug|Any CPU
		{5CFB7DF1-3A00-444F-B281-22E16A74088B}.Debug|iPhone.Build.0 = Debug|Any CPU
		{5CFB7DF1-3A00-444F-B281-22E16A74088B}.Debug|iPhone.Deploy.0 = Debug|Any CPU
		{5CFB7DF1-3A00-444F-B281-22E16A74088B}.Debug|iPhoneSimulator.ActiveCfg = Debug|Any CPU
		{5CFB7DF1-3A00-444F-B281-22E16A74088B}.Debug|iPhoneSimulator.Build.0 = Debug|Any CPU
		{5CFB7DF1-3A00-444F-B281-22E16A74088B}.Debug|iPhoneSimulator.Deploy.0 = Debug|Any CPU
		{5CFB7DF1-3A00-444F-B281-22E16A74088B}.Debug|x64.ActiveCfg = Debug|Any CPU
		{5CFB7DF1-3A00-444F-B281-22E16A74088B}.Debug|x64.Build.0 = Debug|Any CPU
		{5CFB7DF1-3A00-444F-B281-22E16A74088B}.Debug|x64.Deploy.0 = Debug|Any CPU
		{5CFB7DF1-3A00-444F-B281-22E16A74088B}.Debug|x86.ActiveCfg = Debug|Any CPU
		{5CFB7DF1-3A00-444F-B281-22E16A74088B}.Debug|x86.Build.0 = Debug|Any CPU
		{5CFB7DF1-3A00-444F-B281-22E16A74088B}.Debug|x86.Deploy.0 = Debug|Any CPU
		{5CFB7DF1-3A00-444F-B281-22E16A74088B}.Release|Any CPU.ActiveCfg = Release|Any CPU
		{5CFB7DF1-3A00-444F-B281-22E16A74088B}.Release|Any CPU.Build.0 = Release|Any CPU
		{5CFB7DF1-3A00-444F-B281-22E16A74088B}.Release|Any CPU.Deploy.0 = Release|Any CPU
		{5CFB7DF1-3A00-444F-B281-22E16A74088B}.Release|ARM.ActiveCfg = Release|Any CPU
		{5CFB7DF1-3A00-444F-B281-22E16A74088B}.Release|ARM.Build.0 = Release|Any CPU
		{5CFB7DF1-3A00-444F-B281-22E16A74088B}.Release|ARM.Deploy.0 = Release|Any CPU
		{5CFB7DF1-3A00-444F-B281-22E16A74088B}.Release|iPhone.ActiveCfg = Release|Any CPU
		{5CFB7DF1-3A00-444F-B281-22E16A74088B}.Release|iPhone.Build.0 = Release|Any CPU
		{5CFB7DF1-3A00-444F-B281-22E16A74088B}.Release|iPhone.Deploy.0 = Release|Any CPU
		{5CFB7DF1-3A00-444F-B281-22E16A74088B}.Release|iPhoneSimulator.ActiveCfg = Release|Any CPU
		{5CFB7DF1-3A00-444F-B281-22E16A74088B}.Release|iPhoneSimulator.Build.0 = Release|Any CPU
		{5CFB7DF1-3A00-444F-B281-22E16A74088B}.Release|iPhoneSimulator.Deploy.0 = Release|Any CPU
		{5CFB7DF1-3A00-444F-B281-22E16A74088B}.Release|x64.ActiveCfg = Release|Any CPU
		{5CFB7DF1-3A00-444F-B281-22E16A74088B}.Release|x64.Build.0 = Release|Any CPU
		{5CFB7DF1-3A00-444F-B281-22E16A74088B}.Release|x64.Deploy.0 = Release|Any CPU
		{5CFB7DF1-3A00-444F-B281-22E16A74088B}.Release|x86.ActiveCfg = Release|Any CPU
		{5CFB7DF1-3A00-444F-B281-22E16A74088B}.Release|x86.Build.0 = Release|Any CPU
		{5CFB7DF1-3A00-444F-B281-22E16A74088B}.Release|x86.Deploy.0 = Release|Any CPU
		{6D8C910C-247A-49AE-8A0F-388A3D34FFC0}.Debug|Any CPU.ActiveCfg = Debug|iPhone
		{6D8C910C-247A-49AE-8A0F-388A3D34FFC0}.Debug|Any CPU.Build.0 = Debug|iPhone
		{6D8C910C-247A-49AE-8A0F-388A3D34FFC0}.Debug|Any CPU.Deploy.0 = Debug|iPhone
		{6D8C910C-247A-49AE-8A0F-388A3D34FFC0}.Debug|ARM.ActiveCfg = Debug|iPhoneSimulator
		{6D8C910C-247A-49AE-8A0F-388A3D34FFC0}.Debug|ARM.Build.0 = Debug|iPhoneSimulator
		{6D8C910C-247A-49AE-8A0F-388A3D34FFC0}.Debug|ARM.Deploy.0 = Debug|iPhoneSimulator
		{6D8C910C-247A-49AE-8A0F-388A3D34FFC0}.Debug|iPhone.ActiveCfg = Debug|iPhone
		{6D8C910C-247A-49AE-8A0F-388A3D34FFC0}.Debug|iPhone.Build.0 = Debug|iPhone
		{6D8C910C-247A-49AE-8A0F-388A3D34FFC0}.Debug|iPhone.Deploy.0 = Debug|iPhone
		{6D8C910C-247A-49AE-8A0F-388A3D34FFC0}.Debug|iPhoneSimulator.ActiveCfg = Debug|iPhoneSimulator
		{6D8C910C-247A-49AE-8A0F-388A3D34FFC0}.Debug|iPhoneSimulator.Build.0 = Debug|iPhoneSimulator
		{6D8C910C-247A-49AE-8A0F-388A3D34FFC0}.Debug|iPhoneSimulator.Deploy.0 = Debug|iPhoneSimulator
		{6D8C910C-247A-49AE-8A0F-388A3D34FFC0}.Debug|x64.ActiveCfg = Debug|iPhone
		{6D8C910C-247A-49AE-8A0F-388A3D34FFC0}.Debug|x64.Build.0 = Debug|iPhone
		{6D8C910C-247A-49AE-8A0F-388A3D34FFC0}.Debug|x64.Deploy.0 = Debug|iPhone
		{6D8C910C-247A-49AE-8A0F-388A3D34FFC0}.Debug|x86.ActiveCfg = Debug|iPhone
		{6D8C910C-247A-49AE-8A0F-388A3D34FFC0}.Debug|x86.Build.0 = Debug|iPhone
		{6D8C910C-247A-49AE-8A0F-388A3D34FFC0}.Debug|x86.Deploy.0 = Debug|iPhone
		{6D8C910C-247A-49AE-8A0F-388A3D34FFC0}.Release|Any CPU.ActiveCfg = Release|iPhone
		{6D8C910C-247A-49AE-8A0F-388A3D34FFC0}.Release|Any CPU.Build.0 = Release|iPhone
		{6D8C910C-247A-49AE-8A0F-388A3D34FFC0}.Release|Any CPU.Deploy.0 = Release|iPhone
		{6D8C910C-247A-49AE-8A0F-388A3D34FFC0}.Release|ARM.ActiveCfg = Release|iPhone
		{6D8C910C-247A-49AE-8A0F-388A3D34FFC0}.Release|ARM.Build.0 = Release|iPhone
		{6D8C910C-247A-49AE-8A0F-388A3D34FFC0}.Release|ARM.Deploy.0 = Release|iPhone
		{6D8C910C-247A-49AE-8A0F-388A3D34FFC0}.Release|iPhone.ActiveCfg = Release|iPhone
		{6D8C910C-247A-49AE-8A0F-388A3D34FFC0}.Release|iPhone.Build.0 = Release|iPhone
		{6D8C910C-247A-49AE-8A0F-388A3D34FFC0}.Release|iPhone.Deploy.0 = Release|iPhone
		{6D8C910C-247A-49AE-8A0F-388A3D34FFC0}.Release|iPhoneSimulator.ActiveCfg = Release|iPhoneSimulator
		{6D8C910C-247A-49AE-8A0F-388A3D34FFC0}.Release|iPhoneSimulator.Build.0 = Release|iPhoneSimulator
		{6D8C910C-247A-49AE-8A0F-388A3D34FFC0}.Release|iPhoneSimulator.Deploy.0 = Release|iPhoneSimulator
		{6D8C910C-247A-49AE-8A0F-388A3D34FFC0}.Release|x64.ActiveCfg = Release|iPhone
		{6D8C910C-247A-49AE-8A0F-388A3D34FFC0}.Release|x64.Build.0 = Release|iPhone
		{6D8C910C-247A-49AE-8A0F-388A3D34FFC0}.Release|x64.Deploy.0 = Release|iPhone
		{6D8C910C-247A-49AE-8A0F-388A3D34FFC0}.Release|x86.ActiveCfg = Release|iPhone
		{6D8C910C-247A-49AE-8A0F-388A3D34FFC0}.Release|x86.Build.0 = Release|iPhone
		{6D8C910C-247A-49AE-8A0F-388A3D34FFC0}.Release|x86.Deploy.0 = Release|iPhone
		{ED0D4D8B-1538-44D0-A22E-E59510F8A97B}.Debug|Any CPU.ActiveCfg = Debug|Any CPU
		{ED0D4D8B-1538-44D0-A22E-E59510F8A97B}.Debug|Any CPU.Build.0 = Debug|Any CPU
		{ED0D4D8B-1538-44D0-A22E-E59510F8A97B}.Debug|Any CPU.Deploy.0 = Debug|Any CPU
		{ED0D4D8B-1538-44D0-A22E-E59510F8A97B}.Debug|ARM.ActiveCfg = Debug|Any CPU
		{ED0D4D8B-1538-44D0-A22E-E59510F8A97B}.Debug|ARM.Build.0 = Debug|Any CPU
		{ED0D4D8B-1538-44D0-A22E-E59510F8A97B}.Debug|ARM.Deploy.0 = Debug|Any CPU
		{ED0D4D8B-1538-44D0-A22E-E59510F8A97B}.Debug|iPhone.ActiveCfg = Debug|Any CPU
		{ED0D4D8B-1538-44D0-A22E-E59510F8A97B}.Debug|iPhone.Build.0 = Debug|Any CPU
		{ED0D4D8B-1538-44D0-A22E-E59510F8A97B}.Debug|iPhone.Deploy.0 = Debug|Any CPU
		{ED0D4D8B-1538-44D0-A22E-E59510F8A97B}.Debug|iPhoneSimulator.ActiveCfg = Debug|Any CPU
		{ED0D4D8B-1538-44D0-A22E-E59510F8A97B}.Debug|iPhoneSimulator.Build.0 = Debug|Any CPU
		{ED0D4D8B-1538-44D0-A22E-E59510F8A97B}.Debug|iPhoneSimulator.Deploy.0 = Debug|Any CPU
		{ED0D4D8B-1538-44D0-A22E-E59510F8A97B}.Debug|x64.ActiveCfg = Debug|Any CPU
		{ED0D4D8B-1538-44D0-A22E-E59510F8A97B}.Debug|x64.Build.0 = Debug|Any CPU
		{ED0D4D8B-1538-44D0-A22E-E59510F8A97B}.Debug|x64.Deploy.0 = Debug|Any CPU
		{ED0D4D8B-1538-44D0-A22E-E59510F8A97B}.Debug|x86.ActiveCfg = Debug|Any CPU
		{ED0D4D8B-1538-44D0-A22E-E59510F8A97B}.Debug|x86.Build.0 = Debug|Any CPU
		{ED0D4D8B-1538-44D0-A22E-E59510F8A97B}.Debug|x86.Deploy.0 = Debug|Any CPU
		{ED0D4D8B-1538-44D0-A22E-E59510F8A97B}.Release|Any CPU.ActiveCfg = Release|Any CPU
		{ED0D4D8B-1538-44D0-A22E-E59510F8A97B}.Release|Any CPU.Build.0 = Release|Any CPU
		{ED0D4D8B-1538-44D0-A22E-E59510F8A97B}.Release|Any CPU.Deploy.0 = Release|Any CPU
		{ED0D4D8B-1538-44D0-A22E-E59510F8A97B}.Release|ARM.ActiveCfg = Release|Any CPU
		{ED0D4D8B-1538-44D0-A22E-E59510F8A97B}.Release|ARM.Build.0 = Release|Any CPU
		{ED0D4D8B-1538-44D0-A22E-E59510F8A97B}.Release|ARM.Deploy.0 = Release|Any CPU
		{ED0D4D8B-1538-44D0-A22E-E59510F8A97B}.Release|iPhone.ActiveCfg = Release|Any CPU
		{ED0D4D8B-1538-44D0-A22E-E59510F8A97B}.Release|iPhone.Build.0 = Release|Any CPU
		{ED0D4D8B-1538-44D0-A22E-E59510F8A97B}.Release|iPhone.Deploy.0 = Release|Any CPU
		{ED0D4D8B-1538-44D0-A22E-E59510F8A97B}.Release|iPhoneSimulator.ActiveCfg = Release|Any CPU
		{ED0D4D8B-1538-44D0-A22E-E59510F8A97B}.Release|iPhoneSimulator.Build.0 = Release|Any CPU
		{ED0D4D8B-1538-44D0-A22E-E59510F8A97B}.Release|iPhoneSimulator.Deploy.0 = Release|Any CPU
		{ED0D4D8B-1538-44D0-A22E-E59510F8A97B}.Release|x64.ActiveCfg = Release|Any CPU
		{ED0D4D8B-1538-44D0-A22E-E59510F8A97B}.Release|x64.Build.0 = Release|Any CPU
		{ED0D4D8B-1538-44D0-A22E-E59510F8A97B}.Release|x64.Deploy.0 = Release|Any CPU
		{ED0D4D8B-1538-44D0-A22E-E59510F8A97B}.Release|x86.ActiveCfg = Release|Any CPU
		{ED0D4D8B-1538-44D0-A22E-E59510F8A97B}.Release|x86.Build.0 = Release|Any CPU
		{ED0D4D8B-1538-44D0-A22E-E59510F8A97B}.Release|x86.Deploy.0 = Release|Any CPU
	EndGlobalSection
	GlobalSection(SolutionProperties) = preSolution
		HideSolutionNode = FALSE
	EndGlobalSection
	GlobalSection(ExtensibilityGlobals) = postSolution
		SolutionGuid = {DD9F610D-01BB-461B-8072-CDAECA72E764}
	EndGlobalSection
EndGlobal
